
Microsoft Visual Studio Solution File, Format Version 12.00
# Visual Studio Version 16
VisualStudioVersion = 16.0.30717.126
MinimumVisualStudioVersion = 10.0.40219.1
Project("{9A19103F-16F7-4668-BE54-9A1E7A4F7556}") = "mulakat", "mulakat\mulakat.csproj", "{7ECD9877-8634-4F8B-BA90-427FA1752895}"
EndProject
Global
	GlobalSection(SolutionConfigurationPlatforms) = preSolution
		Debug|Any CPU = Debug|Any CPU
		Release|Any CPU = Release|Any CPU
	EndGlobalSection
	GlobalSection(ProjectConfigurationPlatforms) = postSolution
		{7ECD9877-8634-4F8B-BA90-427FA1752895}.Debug|Any CPU.ActiveCfg = Debug|Any CPU
		{7ECD9877-8634-4F8B-BA90-427FA1752895}.Debug|Any CPU.Build.0 = Debug|Any CPU
		{7ECD9877-8634-4F8B-BA90-427FA1752895}.Release|Any CPU.ActiveCfg = Release|Any CPU
		{7ECD9877-8634-4F8B-BA90-427FA1752895}.Release|Any CPU.Build.0 = Release|Any CPU
	EndGlobalSection
	GlobalSection(SolutionProperties) = preSolution
		HideSolutionNode = FALSE
	EndGlobalSection
	GlobalSection(ExtensibilityGlobals) = postSolution
		SolutionGuid = {E94EADBE-D0D6-40B5-A94D-AE02B5CB27BB}
	EndGlobalSection
EndGlobal
